
Microsoft Visual Studio Solution File, Format Version 12.00
# Visual Studio Version 17
VisualStudioVersion = 17.10.35122.118
MinimumVisualStudioVersion = 10.0.40219.1
Project("{FAE04EC0-301F-11D3-BF4B-00C04F79EFBC}") = "Chuong13", "Chuong13\Chuong13.csproj", "{38C94CEC-7E5B-4111-AEB7-64245516E508}"
EndProject
Project("{FAE04EC0-301F-11D3-BF4B-00C04F79EFBC}") = "13_2", "13_2\13_2.csproj", "{583FC9AC-9CDC-434C-B041-8BEE6133A48D}"
EndProject
Global
	GlobalSection(SolutionConfigurationPlatforms) = preSolution
		Debug|Any CPU = Debug|Any CPU
		Release|Any CPU = Release|Any CPU
	EndGlobalSection
	GlobalSection(ProjectConfigurationPlatforms) = postSolution
		{38C94CEC-7E5B-4111-AEB7-64245516E508}.Debug|Any CPU.ActiveCfg = Debug|Any CPU
		{38C94CEC-7E5B-4111-AEB7-64245516E508}.Debug|Any CPU.Build.0 = Debug|Any CPU
		{38C94CEC-7E5B-4111-AEB7-64245516E508}.Release|Any CPU.ActiveCfg = Release|Any CPU
		{38C94CEC-7E5B-4111-AEB7-64245516E508}.Release|Any CPU.Build.0 = Release|Any CPU
		{583FC9AC-9CDC-434C-B041-8BEE6133A48D}.Debug|Any CPU.ActiveCfg = Debug|Any CPU
		{583FC9AC-9CDC-434C-B041-8BEE6133A48D}.Debug|Any CPU.Build.0 = Debug|Any CPU
		{583FC9AC-9CDC-434C-B041-8BEE6133A48D}.Release|Any CPU.ActiveCfg = Release|Any CPU
		{583FC9AC-9CDC-434C-B041-8BEE6133A48D}.Release|Any CPU.Build.0 = Release|Any CPU
	EndGlobalSection
	GlobalSection(SolutionProperties) = preSolution
		HideSolutionNode = FALSE
	EndGlobalSection
	GlobalSection(ExtensibilityGlobals) = postSolution
		SolutionGuid = {77110869-930A-4BE3-9D4E-6CF2CFA60C97}
	EndGlobalSection
EndGlobal
